// !$*UTF8*$!
{
	archiveVersion = 1;
	classes = {
	};
	objectVersion = 56;
	objects = {

/* Begin PBXBuildFile section */
		255BFB932C1A2BCD00909DF8 /* HomeMetrics.swift in Sources */ = {isa = PBXBuildFile; fileRef = 255BFB922C1A2BCC00909DF8 /* HomeMetrics.swift */; };
		255BFB972C1A2CF100909DF8 /* GlobalMetrics.swift in Sources */ = {isa = PBXBuildFile; fileRef = 255BFB962C1A2CF100909DF8 /* GlobalMetrics.swift */; };
		255BFB992C1A2F1E00909DF8 /* Colors.xcassets in Resources */ = {isa = PBXBuildFile; fileRef = 255BFB982C1A2F1E00909DF8 /* Colors.xcassets */; };
		255BFB9B2C1A306600909DF8 /* Colors.swift in Sources */ = {isa = PBXBuildFile; fileRef = 255BFB9A2C1A306600909DF8 /* Colors.swift */; };
		255BFB9D2C1A354F00909DF8 /* HomeImages.swift in Sources */ = {isa = PBXBuildFile; fileRef = 255BFB9C2C1A354F00909DF8 /* HomeImages.swift */; };
		25E2139F2C1915C10045D685 /* AppDelegate.swift in Sources */ = {isa = PBXBuildFile; fileRef = 25E2139E2C1915C10045D685 /* AppDelegate.swift */; };
		25E213A12C1915C10045D685 /* SceneDelegate.swift in Sources */ = {isa = PBXBuildFile; fileRef = 25E213A02C1915C10045D685 /* SceneDelegate.swift */; };
		25E213A32C1915C10045D685 /* ViewController.swift in Sources */ = {isa = PBXBuildFile; fileRef = 25E213A22C1915C10045D685 /* ViewController.swift */; };
		25E213A82C1915C50045D685 /* Assets.xcassets in Resources */ = {isa = PBXBuildFile; fileRef = 25E213A72C1915C50045D685 /* Assets.xcassets */; };
		25E213AB2C1915C50045D685 /* LaunchScreen.storyboard in Resources */ = {isa = PBXBuildFile; fileRef = 25E213A92C1915C50045D685 /* LaunchScreen.storyboard */; };
		25E213B62C1915C50045D685 /* CoraChallengeTests.swift in Sources */ = {isa = PBXBuildFile; fileRef = 25E213B52C1915C50045D685 /* CoraChallengeTests.swift */; };
		25E213C02C1915C50045D685 /* CoraChallengeUITests.swift in Sources */ = {isa = PBXBuildFile; fileRef = 25E213BF2C1915C50045D685 /* CoraChallengeUITests.swift */; };
		25E213C22C1915C50045D685 /* CoraChallengeUITestsLaunchTests.swift in Sources */ = {isa = PBXBuildFile; fileRef = 25E213C12C1915C50045D685 /* CoraChallengeUITestsLaunchTests.swift */; };
		25E213D72C1917AB0045D685 /* HomeViewController.swift in Sources */ = {isa = PBXBuildFile; fileRef = 25E213D62C1917AB0045D685 /* HomeViewController.swift */; };
		25E213DA2C191FB30045D685 /* CoraButton.swift in Sources */ = {isa = PBXBuildFile; fileRef = 25E213D92C191FB30045D685 /* CoraButton.swift */; };
		25E213DD2C1927100045D685 /* Images.xcassets in Resources */ = {isa = PBXBuildFile; fileRef = 25E213DC2C1927100045D685 /* Images.xcassets */; };
		25F55F5C2C264C780034EE55 /* Fonts.swift in Sources */ = {isa = PBXBuildFile; fileRef = 25F55F5B2C264C780034EE55 /* Fonts.swift */; };
		25F55F5F2C2654A50034EE55 /* HomeStrings.swift in Sources */ = {isa = PBXBuildFile; fileRef = 25F55F5E2C2654A50034EE55 /* HomeStrings.swift */; };
		25F55F632C2654F10034EE55 /* Localize.swift in Sources */ = {isa = PBXBuildFile; fileRef = 25F55F622C2654F10034EE55 /* Localize.swift */; };
		25F55F652C2655A40034EE55 /* Home.strings in Resources */ = {isa = PBXBuildFile; fileRef = 25F55F642C2655A40034EE55 /* Home.strings */; };
		25F55F682C275C1E0034EE55 /* CoraButtonMetrics.swift in Sources */ = {isa = PBXBuildFile; fileRef = 25F55F672C275C1E0034EE55 /* CoraButtonMetrics.swift */; };
		25F55F6A2C27604B0034EE55 /* HomeRouter.swift in Sources */ = {isa = PBXBuildFile; fileRef = 25F55F692C27604B0034EE55 /* HomeRouter.swift */; };
		25F55F9B2C2762E30034EE55 /* SignInRouter.swift in Sources */ = {isa = PBXBuildFile; fileRef = 25F55F902C2762E20034EE55 /* SignInRouter.swift */; };
		25F55F9C2C2762E30034EE55 /* SignInViewModel.swift in Sources */ = {isa = PBXBuildFile; fileRef = 25F55F922C2762E20034EE55 /* SignInViewModel.swift */; };
		25F55F9D2C2762E30034EE55 /* SignInStrings.swift in Sources */ = {isa = PBXBuildFile; fileRef = 25F55F952C2762E30034EE55 /* SignInStrings.swift */; };
		25F55F9E2C2762E30034EE55 /* SignIn.strings in Resources */ = {isa = PBXBuildFile; fileRef = 25F55F962C2762E30034EE55 /* SignIn.strings */; };
		25F55F9F2C2762E30034EE55 /* SignInImages.swift in Sources */ = {isa = PBXBuildFile; fileRef = 25F55F982C2762E30034EE55 /* SignInImages.swift */; };
		25F55FA02C2762E30034EE55 /* SignInViewController.swift in Sources */ = {isa = PBXBuildFile; fileRef = 25F55F9A2C2762E30034EE55 /* SignInViewController.swift */; };
		25F55FA22C2769A80034EE55 /* CoraNavigationStylable.swift in Sources */ = {isa = PBXBuildFile; fileRef = 25F55FA12C2769A80034EE55 /* CoraNavigationStylable.swift */; };
		25F55FA52C277B8C0034EE55 /* UIViewController+Extensions.swift in Sources */ = {isa = PBXBuildFile; fileRef = 25F55FA42C277B8C0034EE55 /* UIViewController+Extensions.swift */; };
		25F55FA72C277E030034EE55 /* GlobalImages.swift in Sources */ = {isa = PBXBuildFile; fileRef = 25F55FA62C277E030034EE55 /* GlobalImages.swift */; };
/* End PBXBuildFile section */

/* Begin PBXContainerItemProxy section */
		25E213B22C1915C50045D685 /* PBXContainerItemProxy */ = {
			isa = PBXContainerItemProxy;
			containerPortal = 25E213932C1915C10045D685 /* Project object */;
			proxyType = 1;
			remoteGlobalIDString = 25E2139A2C1915C10045D685;
			remoteInfo = CoraChallenge;
		};
		25E213BC2C1915C50045D685 /* PBXContainerItemProxy */ = {
			isa = PBXContainerItemProxy;
			containerPortal = 25E213932C1915C10045D685 /* Project object */;
			proxyType = 1;
			remoteGlobalIDString = 25E2139A2C1915C10045D685;
			remoteInfo = CoraChallenge;
		};
/* End PBXContainerItemProxy section */

/* Begin PBXFileReference section */
		255BFB922C1A2BCC00909DF8 /* HomeMetrics.swift */ = {isa = PBXFileReference; lastKnownFileType = sourcecode.swift; path = HomeMetrics.swift; sourceTree = "<group>"; };
		255BFB962C1A2CF100909DF8 /* GlobalMetrics.swift */ = {isa = PBXFileReference; lastKnownFileType = sourcecode.swift; path = GlobalMetrics.swift; sourceTree = "<group>"; };
		255BFB982C1A2F1E00909DF8 /* Colors.xcassets */ = {isa = PBXFileReference; lastKnownFileType = folder.assetcatalog; path = Colors.xcassets; sourceTree = "<group>"; };
		255BFB9A2C1A306600909DF8 /* Colors.swift */ = {isa = PBXFileReference; lastKnownFileType = sourcecode.swift; path = Colors.swift; sourceTree = "<group>"; };
		255BFB9C2C1A354F00909DF8 /* HomeImages.swift */ = {isa = PBXFileReference; lastKnownFileType = sourcecode.swift; path = HomeImages.swift; sourceTree = "<group>"; };
		25E2139B2C1915C10045D685 /* CoraChallenge.app */ = {isa = PBXFileReference; explicitFileType = wrapper.application; includeInIndex = 0; path = CoraChallenge.app; sourceTree = BUILT_PRODUCTS_DIR; };
		25E2139E2C1915C10045D685 /* AppDelegate.swift */ = {isa = PBXFileReference; lastKnownFileType = sourcecode.swift; path = AppDelegate.swift; sourceTree = "<group>"; };
		25E213A02C1915C10045D685 /* SceneDelegate.swift */ = {isa = PBXFileReference; lastKnownFileType = sourcecode.swift; path = SceneDelegate.swift; sourceTree = "<group>"; };
		25E213A22C1915C10045D685 /* ViewController.swift */ = {isa = PBXFileReference; lastKnownFileType = sourcecode.swift; path = ViewController.swift; sourceTree = "<group>"; };
		25E213A72C1915C50045D685 /* Assets.xcassets */ = {isa = PBXFileReference; lastKnownFileType = folder.assetcatalog; path = Assets.xcassets; sourceTree = "<group>"; };
		25E213AA2C1915C50045D685 /* Base */ = {isa = PBXFileReference; lastKnownFileType = file.storyboard; name = Base; path = Base.lproj/LaunchScreen.storyboard; sourceTree = "<group>"; };
		25E213AC2C1915C50045D685 /* Info.plist */ = {isa = PBXFileReference; lastKnownFileType = text.plist.xml; path = Info.plist; sourceTree = "<group>"; };
		25E213B12C1915C50045D685 /* CoraChallengeTests.xctest */ = {isa = PBXFileReference; explicitFileType = wrapper.cfbundle; includeInIndex = 0; path = CoraChallengeTests.xctest; sourceTree = BUILT_PRODUCTS_DIR; };
		25E213B52C1915C50045D685 /* CoraChallengeTests.swift */ = {isa = PBXFileReference; lastKnownFileType = sourcecode.swift; path = CoraChallengeTests.swift; sourceTree = "<group>"; };
		25E213BB2C1915C50045D685 /* CoraChallengeUITests.xctest */ = {isa = PBXFileReference; explicitFileType = wrapper.cfbundle; includeInIndex = 0; path = CoraChallengeUITests.xctest; sourceTree = BUILT_PRODUCTS_DIR; };
		25E213BF2C1915C50045D685 /* CoraChallengeUITests.swift */ = {isa = PBXFileReference; lastKnownFileType = sourcecode.swift; path = CoraChallengeUITests.swift; sourceTree = "<group>"; };
		25E213C12C1915C50045D685 /* CoraChallengeUITestsLaunchTests.swift */ = {isa = PBXFileReference; lastKnownFileType = sourcecode.swift; path = CoraChallengeUITestsLaunchTests.swift; sourceTree = "<group>"; };
		25E213D62C1917AB0045D685 /* HomeViewController.swift */ = {isa = PBXFileReference; lastKnownFileType = sourcecode.swift; path = HomeViewController.swift; sourceTree = "<group>"; };
		25E213D92C191FB30045D685 /* CoraButton.swift */ = {isa = PBXFileReference; lastKnownFileType = sourcecode.swift; path = CoraButton.swift; sourceTree = "<group>"; };
		25E213DC2C1927100045D685 /* Images.xcassets */ = {isa = PBXFileReference; lastKnownFileType = folder.assetcatalog; path = Images.xcassets; sourceTree = "<group>"; };
		25F55F5B2C264C780034EE55 /* Fonts.swift */ = {isa = PBXFileReference; lastKnownFileType = sourcecode.swift; path = Fonts.swift; sourceTree = "<group>"; };
		25F55F5E2C2654A50034EE55 /* HomeStrings.swift */ = {isa = PBXFileReference; lastKnownFileType = sourcecode.swift; path = HomeStrings.swift; sourceTree = "<group>"; };
		25F55F622C2654F10034EE55 /* Localize.swift */ = {isa = PBXFileReference; lastKnownFileType = sourcecode.swift; path = Localize.swift; sourceTree = "<group>"; };
		25F55F642C2655A40034EE55 /* Home.strings */ = {isa = PBXFileReference; lastKnownFileType = text.plist.strings; path = Home.strings; sourceTree = "<group>"; };
		25F55F672C275C1E0034EE55 /* CoraButtonMetrics.swift */ = {isa = PBXFileReference; lastKnownFileType = sourcecode.swift; path = CoraButtonMetrics.swift; sourceTree = "<group>"; };
		25F55F692C27604B0034EE55 /* HomeRouter.swift */ = {isa = PBXFileReference; lastKnownFileType = sourcecode.swift; path = HomeRouter.swift; sourceTree = "<group>"; };
		25F55F902C2762E20034EE55 /* SignInRouter.swift */ = {isa = PBXFileReference; fileEncoding = 4; lastKnownFileType = sourcecode.swift; path = SignInRouter.swift; sourceTree = "<group>"; };
		25F55F922C2762E20034EE55 /* SignInViewModel.swift */ = {isa = PBXFileReference; fileEncoding = 4; lastKnownFileType = sourcecode.swift; path = SignInViewModel.swift; sourceTree = "<group>"; };
		25F55F952C2762E30034EE55 /* SignInStrings.swift */ = {isa = PBXFileReference; fileEncoding = 4; lastKnownFileType = sourcecode.swift; path = SignInStrings.swift; sourceTree = "<group>"; };
		25F55F962C2762E30034EE55 /* SignIn.strings */ = {isa = PBXFileReference; fileEncoding = 4; lastKnownFileType = text.plist.strings; path = SignIn.strings; sourceTree = "<group>"; };
		25F55F982C2762E30034EE55 /* SignInImages.swift */ = {isa = PBXFileReference; fileEncoding = 4; lastKnownFileType = sourcecode.swift; path = SignInImages.swift; sourceTree = "<group>"; };
		25F55F9A2C2762E30034EE55 /* SignInViewController.swift */ = {isa = PBXFileReference; fileEncoding = 4; lastKnownFileType = sourcecode.swift; path = SignInViewController.swift; sourceTree = "<group>"; };
		25F55FA12C2769A80034EE55 /* CoraNavigationStylable.swift */ = {isa = PBXFileReference; lastKnownFileType = sourcecode.swift; path = CoraNavigationStylable.swift; sourceTree = "<group>"; };
		25F55FA42C277B8C0034EE55 /* UIViewController+Extensions.swift */ = {isa = PBXFileReference; lastKnownFileType = sourcecode.swift; path = "UIViewController+Extensions.swift"; sourceTree = "<group>"; };
		25F55FA62C277E030034EE55 /* GlobalImages.swift */ = {isa = PBXFileReference; lastKnownFileType = sourcecode.swift; path = GlobalImages.swift; sourceTree = "<group>"; };
/* End PBXFileReference section */

/* Begin PBXFrameworksBuildPhase section */
		25E213982C1915C10045D685 /* Frameworks */ = {
			isa = PBXFrameworksBuildPhase;
			buildActionMask = 2147483647;
			files = (
			);
			runOnlyForDeploymentPostprocessing = 0;
		};
		25E213AE2C1915C50045D685 /* Frameworks */ = {
			isa = PBXFrameworksBuildPhase;
			buildActionMask = 2147483647;
			files = (
			);
			runOnlyForDeploymentPostprocessing = 0;
		};
		25E213B82C1915C50045D685 /* Frameworks */ = {
			isa = PBXFrameworksBuildPhase;
			buildActionMask = 2147483647;
			files = (
			);
			runOnlyForDeploymentPostprocessing = 0;
		};
/* End PBXFrameworksBuildPhase section */

/* Begin PBXGroup section */
		255BFB912C1A2BB100909DF8 /* Enums */ = {
			isa = PBXGroup;
			children = (
				255BFB922C1A2BCC00909DF8 /* HomeMetrics.swift */,
			);
			path = Enums;
			sourceTree = "<group>";
		};
		255BFB942C1A2CDB00909DF8 /* DesignSustem */ = {
			isa = PBXGroup;
			children = (
				25BCD7462C206251000FE3D2 /* Resources */,
				255BFB952C1A2CE600909DF8 /* Metrics */,
				25E213D82C191F9D0045D685 /* UIComponents */,
				255BFB9A2C1A306600909DF8 /* Colors.swift */,
				25F55F5B2C264C780034EE55 /* Fonts.swift */,
			);
			path = DesignSustem;
			sourceTree = "<group>";
		};
		255BFB952C1A2CE600909DF8 /* Metrics */ = {
			isa = PBXGroup;
			children = (
				255BFB962C1A2CF100909DF8 /* GlobalMetrics.swift */,
			);
			path = Metrics;
			sourceTree = "<group>";
		};
		25BCD7462C206251000FE3D2 /* Resources */ = {
			isa = PBXGroup;
			children = (
				25F55FA62C277E030034EE55 /* GlobalImages.swift */,
			);
			path = Resources;
			sourceTree = "<group>";
		};
		25E213922C1915C10045D685 = {
			isa = PBXGroup;
			children = (
				25E2139D2C1915C10045D685 /* CoraChallenge */,
				25E213B42C1915C50045D685 /* CoraChallengeTests */,
				25E213BE2C1915C50045D685 /* CoraChallengeUITests */,
				25E2139C2C1915C10045D685 /* Products */,
			);
			sourceTree = "<group>";
		};
		25E2139C2C1915C10045D685 /* Products */ = {
			isa = PBXGroup;
			children = (
				25E2139B2C1915C10045D685 /* CoraChallenge.app */,
				25E213B12C1915C50045D685 /* CoraChallengeTests.xctest */,
				25E213BB2C1915C50045D685 /* CoraChallengeUITests.xctest */,
			);
			name = Products;
			sourceTree = "<group>";
		};
		25E2139D2C1915C10045D685 /* CoraChallenge */ = {
			isa = PBXGroup;
			children = (
				25F55F602C2654D00034EE55 /* Essentials */,
				255BFB942C1A2CDB00909DF8 /* DesignSustem */,
				25E213DB2C1926FC0045D685 /* Assets */,
				25E213CF2C1916CF0045D685 /* Scenes */,
				25E213CE2C19168C0045D685 /* Supporting Files */,
				25E213A22C1915C10045D685 /* ViewController.swift */,
				25E213A72C1915C50045D685 /* Assets.xcassets */,
				25E213A92C1915C50045D685 /* LaunchScreen.storyboard */,
			);
			path = CoraChallenge;
			sourceTree = "<group>";
		};
		25E213B42C1915C50045D685 /* CoraChallengeTests */ = {
			isa = PBXGroup;
			children = (
				25E213B52C1915C50045D685 /* CoraChallengeTests.swift */,
			);
			path = CoraChallengeTests;
			sourceTree = "<group>";
		};
		25E213BE2C1915C50045D685 /* CoraChallengeUITests */ = {
			isa = PBXGroup;
			children = (
				25E213BF2C1915C50045D685 /* CoraChallengeUITests.swift */,
				25E213C12C1915C50045D685 /* CoraChallengeUITestsLaunchTests.swift */,
			);
			path = CoraChallengeUITests;
			sourceTree = "<group>";
		};
		25E213CE2C19168C0045D685 /* Supporting Files */ = {
			isa = PBXGroup;
			children = (
				25E213AC2C1915C50045D685 /* Info.plist */,
				25E2139E2C1915C10045D685 /* AppDelegate.swift */,
				25E213A02C1915C10045D685 /* SceneDelegate.swift */,
			);
			path = "Supporting Files";
			sourceTree = "<group>";
		};
		25E213CF2C1916CF0045D685 /* Scenes */ = {
			isa = PBXGroup;
			children = (
				25F55F862C2762230034EE55 /* SignIn */,
				25E213D02C1916DF0045D685 /* Home */,
			);
			path = Scenes;
			sourceTree = "<group>";
		};
		25E213D02C1916DF0045D685 /* Home */ = {
			isa = PBXGroup;
			children = (
				255BFB912C1A2BB100909DF8 /* Enums */,
				25E213D52C19175C0045D685 /* Resources */,
				25E213D42C19174E0045D685 /* Router */,
				25E213D32C19171B0045D685 /* Views */,
				25E213D22C1917160045D685 /* Models */,
				25E213D12C19170F0045D685 /* ViewModel */,
			);
			path = Home;
			sourceTree = "<group>";
		};
		25E213D12C19170F0045D685 /* ViewModel */ = {
			isa = PBXGroup;
			children = (
			);
			path = ViewModel;
			sourceTree = "<group>";
		};
		25E213D22C1917160045D685 /* Models */ = {
			isa = PBXGroup;
			children = (
			);
			path = Models;
			sourceTree = "<group>";
		};
		25E213D32C19171B0045D685 /* Views */ = {
			isa = PBXGroup;
			children = (
				25E213D62C1917AB0045D685 /* HomeViewController.swift */,
			);
			path = Views;
			sourceTree = "<group>";
		};
		25E213D42C19174E0045D685 /* Router */ = {
			isa = PBXGroup;
			children = (
				25F55F692C27604B0034EE55 /* HomeRouter.swift */,
			);
			path = Router;
			sourceTree = "<group>";
		};
		25E213D52C19175C0045D685 /* Resources */ = {
			isa = PBXGroup;
			children = (
				25F55F5D2C2654850034EE55 /* Strings */,
				255BFB9C2C1A354F00909DF8 /* HomeImages.swift */,
			);
			path = Resources;
			sourceTree = "<group>";
		};
		25E213D82C191F9D0045D685 /* UIComponents */ = {
			isa = PBXGroup;
			children = (
				25F55F662C2752B20034EE55 /* CoraButton */,
			);
			path = UIComponents;
			sourceTree = "<group>";
		};
		25E213DB2C1926FC0045D685 /* Assets */ = {
			isa = PBXGroup;
			children = (
				25E213DC2C1927100045D685 /* Images.xcassets */,
				255BFB982C1A2F1E00909DF8 /* Colors.xcassets */,
			);
			path = Assets;
			sourceTree = "<group>";
		};
		25F55F5D2C2654850034EE55 /* Strings */ = {
			isa = PBXGroup;
			children = (
				25F55F5E2C2654A50034EE55 /* HomeStrings.swift */,
				25F55F642C2655A40034EE55 /* Home.strings */,
			);
			path = Strings;
			sourceTree = "<group>";
		};
		25F55F602C2654D00034EE55 /* Essentials */ = {
			isa = PBXGroup;
			children = (
				25F55FA32C277B0F0034EE55 /* Extensions */,
				25F55F612C2654E10034EE55 /* Protocols */,
			);
			path = Essentials;
			sourceTree = "<group>";
		};
		25F55F612C2654E10034EE55 /* Protocols */ = {
			isa = PBXGroup;
			children = (
				25F55F622C2654F10034EE55 /* Localize.swift */,
				25F55FA12C2769A80034EE55 /* CoraNavigationStylable.swift */,
			);
			path = Protocols;
			sourceTree = "<group>";
		};
		25F55F662C2752B20034EE55 /* CoraButton */ = {
			isa = PBXGroup;
			children = (
				25E213D92C191FB30045D685 /* CoraButton.swift */,
				25F55F672C275C1E0034EE55 /* CoraButtonMetrics.swift */,
			);
			path = CoraButton;
			sourceTree = "<group>";
		};
		25F55F862C2762230034EE55 /* SignIn */ = {
			isa = PBXGroup;
			children = (
				25F55F932C2762E30034EE55 /* Resources */,
				25F55F8F2C2762E20034EE55 /* Router */,
				25F55F912C2762E20034EE55 /* ViewModel */,
				25F55F992C2762E30034EE55 /* Views */,
			);
			path = SignIn;
			sourceTree = "<group>";
		};
		25F55F8F2C2762E20034EE55 /* Router */ = {
			isa = PBXGroup;
			children = (
				25F55F902C2762E20034EE55 /* SignInRouter.swift */,
			);
			path = Router;
			sourceTree = "<group>";
		};
		25F55F912C2762E20034EE55 /* ViewModel */ = {
			isa = PBXGroup;
			children = (
				25F55F922C2762E20034EE55 /* SignInViewModel.swift */,
			);
			path = ViewModel;
			sourceTree = "<group>";
		};
		25F55F932C2762E30034EE55 /* Resources */ = {
			isa = PBXGroup;
			children = (
				25F55F942C2762E30034EE55 /* Strings */,
				25F55F972C2762E30034EE55 /* Assets */,
			);
			path = Resources;
			sourceTree = "<group>";
		};
		25F55F942C2762E30034EE55 /* Strings */ = {
			isa = PBXGroup;
			children = (
				25F55F952C2762E30034EE55 /* SignInStrings.swift */,
				25F55F962C2762E30034EE55 /* SignIn.strings */,
			);
			path = Strings;
			sourceTree = "<group>";
		};
		25F55F972C2762E30034EE55 /* Assets */ = {
			isa = PBXGroup;
			children = (
				25F55F982C2762E30034EE55 /* SignInImages.swift */,
			);
			path = Assets;
			sourceTree = "<group>";
		};
		25F55F992C2762E30034EE55 /* Views */ = {
			isa = PBXGroup;
			children = (
				25F55F9A2C2762E30034EE55 /* SignInViewController.swift */,
			);
			path = Views;
			sourceTree = "<group>";
		};
		25F55FA32C277B0F0034EE55 /* Extensions */ = {
			isa = PBXGroup;
			children = (
				25F55FA42C277B8C0034EE55 /* UIViewController+Extensions.swift */,
			);
			path = Extensions;
			sourceTree = "<group>";
		};
/* End PBXGroup section */

/* Begin PBXNativeTarget section */
		25E2139A2C1915C10045D685 /* CoraChallenge */ = {
			isa = PBXNativeTarget;
			buildConfigurationList = 25E213C52C1915C50045D685 /* Build configuration list for PBXNativeTarget "CoraChallenge" */;
			buildPhases = (
				25E213972C1915C10045D685 /* Sources */,
				25E213982C1915C10045D685 /* Frameworks */,
				25E213992C1915C10045D685 /* Resources */,
			);
			buildRules = (
			);
			dependencies = (
			);
			name = CoraChallenge;
			productName = CoraChallenge;
			productReference = 25E2139B2C1915C10045D685 /* CoraChallenge.app */;
			productType = "com.apple.product-type.application";
		};
		25E213B02C1915C50045D685 /* CoraChallengeTests */ = {
			isa = PBXNativeTarget;
			buildConfigurationList = 25E213C82C1915C50045D685 /* Build configuration list for PBXNativeTarget "CoraChallengeTests" */;
			buildPhases = (
				25E213AD2C1915C50045D685 /* Sources */,
				25E213AE2C1915C50045D685 /* Frameworks */,
				25E213AF2C1915C50045D685 /* Resources */,
			);
			buildRules = (
			);
			dependencies = (
				25E213B32C1915C50045D685 /* PBXTargetDependency */,
			);
			name = CoraChallengeTests;
			productName = CoraChallengeTests;
			productReference = 25E213B12C1915C50045D685 /* CoraChallengeTests.xctest */;
			productType = "com.apple.product-type.bundle.unit-test";
		};
		25E213BA2C1915C50045D685 /* CoraChallengeUITests */ = {
			isa = PBXNativeTarget;
			buildConfigurationList = 25E213CB2C1915C50045D685 /* Build configuration list for PBXNativeTarget "CoraChallengeUITests" */;
			buildPhases = (
				25E213B72C1915C50045D685 /* Sources */,
				25E213B82C1915C50045D685 /* Frameworks */,
				25E213B92C1915C50045D685 /* Resources */,
			);
			buildRules = (
			);
			dependencies = (
				25E213BD2C1915C50045D685 /* PBXTargetDependency */,
			);
			name = CoraChallengeUITests;
			productName = CoraChallengeUITests;
			productReference = 25E213BB2C1915C50045D685 /* CoraChallengeUITests.xctest */;
			productType = "com.apple.product-type.bundle.ui-testing";
		};
/* End PBXNativeTarget section */

/* Begin PBXProject section */
		25E213932C1915C10045D685 /* Project object */ = {
			isa = PBXProject;
			attributes = {
				BuildIndependentTargetsInParallel = 1;
				LastSwiftUpdateCheck = 1500;
				LastUpgradeCheck = 1500;
				TargetAttributes = {
					25E2139A2C1915C10045D685 = {
						CreatedOnToolsVersion = 15.0.1;
					};
					25E213B02C1915C50045D685 = {
						CreatedOnToolsVersion = 15.0.1;
						TestTargetID = 25E2139A2C1915C10045D685;
					};
					25E213BA2C1915C50045D685 = {
						CreatedOnToolsVersion = 15.0.1;
						TestTargetID = 25E2139A2C1915C10045D685;
					};
				};
			};
			buildConfigurationList = 25E213962C1915C10045D685 /* Build configuration list for PBXProject "CoraChallenge" */;
			compatibilityVersion = "Xcode 14.0";
			developmentRegion = en;
			hasScannedForEncodings = 0;
			knownRegions = (
				en,
				Base,
			);
			mainGroup = 25E213922C1915C10045D685;
			productRefGroup = 25E2139C2C1915C10045D685 /* Products */;
			projectDirPath = "";
			projectRoot = "";
			targets = (
				25E2139A2C1915C10045D685 /* CoraChallenge */,
				25E213B02C1915C50045D685 /* CoraChallengeTests */,
				25E213BA2C1915C50045D685 /* CoraChallengeUITests */,
			);
		};
/* End PBXProject section */

/* Begin PBXResourcesBuildPhase section */
		25E213992C1915C10045D685 /* Resources */ = {
			isa = PBXResourcesBuildPhase;
			buildActionMask = 2147483647;
			files = (
				25E213DD2C1927100045D685 /* Images.xcassets in Resources */,
				255BFB992C1A2F1E00909DF8 /* Colors.xcassets in Resources */,
				25E213AB2C1915C50045D685 /* LaunchScreen.storyboard in Resources */,
				25F55F9E2C2762E30034EE55 /* SignIn.strings in Resources */,
				25E213A82C1915C50045D685 /* Assets.xcassets in Resources */,
				25F55F652C2655A40034EE55 /* Home.strings in Resources */,
			);
			runOnlyForDeploymentPostprocessing = 0;
		};
		25E213AF2C1915C50045D685 /* Resources */ = {
			isa = PBXResourcesBuildPhase;
			buildActionMask = 2147483647;
			files = (
			);
			runOnlyForDeploymentPostprocessing = 0;
		};
		25E213B92C1915C50045D685 /* Resources */ = {
			isa = PBXResourcesBuildPhase;
			buildActionMask = 2147483647;
			files = (
			);
			runOnlyForDeploymentPostprocessing = 0;
		};
/* End PBXResourcesBuildPhase section */

/* Begin PBXSourcesBuildPhase section */
		25E213972C1915C10045D685 /* Sources */ = {
			isa = PBXSourcesBuildPhase;
			buildActionMask = 2147483647;
			files = (
				25F55FA22C2769A80034EE55 /* CoraNavigationStylable.swift in Sources */,
				25F55F632C2654F10034EE55 /* Localize.swift in Sources */,
				25F55FA72C277E030034EE55 /* GlobalImages.swift in Sources */,
				25E213A32C1915C10045D685 /* ViewController.swift in Sources */,
				255BFB9B2C1A306600909DF8 /* Colors.swift in Sources */,
				25E2139F2C1915C10045D685 /* AppDelegate.swift in Sources */,
				25F55F9C2C2762E30034EE55 /* SignInViewModel.swift in Sources */,
				25F55F682C275C1E0034EE55 /* CoraButtonMetrics.swift in Sources */,
				255BFB932C1A2BCD00909DF8 /* HomeMetrics.swift in Sources */,
				25F55F9B2C2762E30034EE55 /* SignInRouter.swift in Sources */,
				25E213A12C1915C10045D685 /* SceneDelegate.swift in Sources */,
				25F55FA52C277B8C0034EE55 /* UIViewController+Extensions.swift in Sources */,
				25F55FA02C2762E30034EE55 /* SignInViewController.swift in Sources */,
				25E213DA2C191FB30045D685 /* CoraButton.swift in Sources */,
				25F55F5C2C264C780034EE55 /* Fonts.swift in Sources */,
				25F55F6A2C27604B0034EE55 /* HomeRouter.swift in Sources */,
				25F55F5F2C2654A50034EE55 /* HomeStrings.swift in Sources */,
				255BFB9D2C1A354F00909DF8 /* HomeImages.swift in Sources */,
				25E213D72C1917AB0045D685 /* HomeViewController.swift in Sources */,
				25F55F9F2C2762E30034EE55 /* SignInImages.swift in Sources */,
				25F55F9D2C2762E30034EE55 /* SignInStrings.swift in Sources */,
				255BFB972C1A2CF100909DF8 /* GlobalMetrics.swift in Sources */,
			);
			runOnlyForDeploymentPostprocessing = 0;
		};
		25E213AD2C1915C50045D685 /* Sources */ = {
			isa = PBXSourcesBuildPhase;
			buildActionMask = 2147483647;
			files = (
				25E213B62C1915C50045D685 /* CoraChallengeTests.swift in Sources */,
			);
			runOnlyForDeploymentPostprocessing = 0;
		};
		25E213B72C1915C50045D685 /* Sources */ = {
			isa = PBXSourcesBuildPhase;
			buildActionMask = 2147483647;
			files = (
				25E213C02C1915C50045D685 /* CoraChallengeUITests.swift in Sources */,
				25E213C22C1915C50045D685 /* CoraChallengeUITestsLaunchTests.swift in Sources */,
			);
			runOnlyForDeploymentPostprocessing = 0;
		};
/* End PBXSourcesBuildPhase section */

/* Begin PBXTargetDependency section */
		25E213B32C1915C50045D685 /* PBXTargetDependency */ = {
			isa = PBXTargetDependency;
			target = 25E2139A2C1915C10045D685 /* CoraChallenge */;
			targetProxy = 25E213B22C1915C50045D685 /* PBXContainerItemProxy */;
		};
		25E213BD2C1915C50045D685 /* PBXTargetDependency */ = {
			isa = PBXTargetDependency;
			target = 25E2139A2C1915C10045D685 /* CoraChallenge */;
			targetProxy = 25E213BC2C1915C50045D685 /* PBXContainerItemProxy */;
		};
/* End PBXTargetDependency section */

/* Begin PBXVariantGroup section */
		25E213A92C1915C50045D685 /* LaunchScreen.storyboard */ = {
			isa = PBXVariantGroup;
			children = (
				25E213AA2C1915C50045D685 /* Base */,
			);
			name = LaunchScreen.storyboard;
			sourceTree = "<group>";
		};
/* End PBXVariantGroup section */

/* Begin XCBuildConfiguration section */
		25E213C32C1915C50045D685 /* Debug */ = {
			isa = XCBuildConfiguration;
			buildSettings = {
				ALWAYS_SEARCH_USER_PATHS = NO;
				ASSETCATALOG_COMPILER_GENERATE_SWIFT_ASSET_SYMBOL_EXTENSIONS = YES;
				CLANG_ANALYZER_NONNULL = YES;
				CLANG_ANALYZER_NUMBER_OBJECT_CONVERSION = YES_AGGRESSIVE;
				CLANG_CXX_LANGUAGE_STANDARD = "gnu++20";
				CLANG_ENABLE_MODULES = YES;
				CLANG_ENABLE_OBJC_ARC = YES;
				CLANG_ENABLE_OBJC_WEAK = YES;
				CLANG_WARN_BLOCK_CAPTURE_AUTORELEASING = YES;
				CLANG_WARN_BOOL_CONVERSION = YES;
				CLANG_WARN_COMMA = YES;
				CLANG_WARN_CONSTANT_CONVERSION = YES;
				CLANG_WARN_DEPRECATED_OBJC_IMPLEMENTATIONS = YES;
				CLANG_WARN_DIRECT_OBJC_ISA_USAGE = YES_ERROR;
				CLANG_WARN_DOCUMENTATION_COMMENTS = YES;
				CLANG_WARN_EMPTY_BODY = YES;
				CLANG_WARN_ENUM_CONVERSION = YES;
				CLANG_WARN_INFINITE_RECURSION = YES;
				CLANG_WARN_INT_CONVERSION = YES;
				CLANG_WARN_NON_LITERAL_NULL_CONVERSION = YES;
				CLANG_WARN_OBJC_IMPLICIT_RETAIN_SELF = YES;
				CLANG_WARN_OBJC_LITERAL_CONVERSION = YES;
				CLANG_WARN_OBJC_ROOT_CLASS = YES_ERROR;
				CLANG_WARN_QUOTED_INCLUDE_IN_FRAMEWORK_HEADER = YES;
				CLANG_WARN_RANGE_LOOP_ANALYSIS = YES;
				CLANG_WARN_STRICT_PROTOTYPES = YES;
				CLANG_WARN_SUSPICIOUS_MOVE = YES;
				CLANG_WARN_UNGUARDED_AVAILABILITY = YES_AGGRESSIVE;
				CLANG_WARN_UNREACHABLE_CODE = YES;
				CLANG_WARN__DUPLICATE_METHOD_MATCH = YES;
				COPY_PHASE_STRIP = NO;
				DEBUG_INFORMATION_FORMAT = dwarf;
				ENABLE_STRICT_OBJC_MSGSEND = YES;
				ENABLE_TESTABILITY = YES;
				ENABLE_USER_SCRIPT_SANDBOXING = YES;
				GCC_C_LANGUAGE_STANDARD = gnu17;
				GCC_DYNAMIC_NO_PIC = NO;
				GCC_NO_COMMON_BLOCKS = YES;
				GCC_OPTIMIZATION_LEVEL = 0;
				GCC_PREPROCESSOR_DEFINITIONS = (
					"DEBUG=1",
					"$(inherited)",
				);
				GCC_WARN_64_TO_32_BIT_CONVERSION = YES;
				GCC_WARN_ABOUT_RETURN_TYPE = YES_ERROR;
				GCC_WARN_UNDECLARED_SELECTOR = YES;
				GCC_WARN_UNINITIALIZED_AUTOS = YES_AGGRESSIVE;
				GCC_WARN_UNUSED_FUNCTION = YES;
				GCC_WARN_UNUSED_VARIABLE = YES;
				IPHONEOS_DEPLOYMENT_TARGET = 17.0;
				LOCALIZATION_PREFERS_STRING_CATALOGS = YES;
				MTL_ENABLE_DEBUG_INFO = INCLUDE_SOURCE;
				MTL_FAST_MATH = YES;
				ONLY_ACTIVE_ARCH = YES;
				SDKROOT = iphoneos;
				SWIFT_ACTIVE_COMPILATION_CONDITIONS = "DEBUG $(inherited)";
				SWIFT_OPTIMIZATION_LEVEL = "-Onone";
			};
			name = Debug;
		};
		25E213C42C1915C50045D685 /* Release */ = {
			isa = XCBuildConfiguration;
			buildSettings = {
				ALWAYS_SEARCH_USER_PATHS = NO;
				ASSETCATALOG_COMPILER_GENERATE_SWIFT_ASSET_SYMBOL_EXTENSIONS = YES;
				CLANG_ANALYZER_NONNULL = YES;
				CLANG_ANALYZER_NUMBER_OBJECT_CONVERSION = YES_AGGRESSIVE;
				CLANG_CXX_LANGUAGE_STANDARD = "gnu++20";
				CLANG_ENABLE_MODULES = YES;
				CLANG_ENABLE_OBJC_ARC = YES;
				CLANG_ENABLE_OBJC_WEAK = YES;
				CLANG_WARN_BLOCK_CAPTURE_AUTORELEASING = YES;
				CLANG_WARN_BOOL_CONVERSION = YES;
				CLANG_WARN_COMMA = YES;
				CLANG_WARN_CONSTANT_CONVERSION = YES;
				CLANG_WARN_DEPRECATED_OBJC_IMPLEMENTATIONS = YES;
				CLANG_WARN_DIRECT_OBJC_ISA_USAGE = YES_ERROR;
				CLANG_WARN_DOCUMENTATION_COMMENTS = YES;
				CLANG_WARN_EMPTY_BODY = YES;
				CLANG_WARN_ENUM_CONVERSION = YES;
				CLANG_WARN_INFINITE_RECURSION = YES;
				CLANG_WARN_INT_CONVERSION = YES;
				CLANG_WARN_NON_LITERAL_NULL_CONVERSION = YES;
				CLANG_WARN_OBJC_IMPLICIT_RETAIN_SELF = YES;
				CLANG_WARN_OBJC_LITERAL_CONVERSION = YES;
				CLANG_WARN_OBJC_ROOT_CLASS = YES_ERROR;
				CLANG_WARN_QUOTED_INCLUDE_IN_FRAMEWORK_HEADER = YES;
				CLANG_WARN_RANGE_LOOP_ANALYSIS = YES;
				CLANG_WARN_STRICT_PROTOTYPES = YES;
				CLANG_WARN_SUSPICIOUS_MOVE = YES;
				CLANG_WARN_UNGUARDED_AVAILABILITY = YES_AGGRESSIVE;
				CLANG_WARN_UNREACHABLE_CODE = YES;
				CLANG_WARN__DUPLICATE_METHOD_MATCH = YES;
				COPY_PHASE_STRIP = NO;
				DEBUG_INFORMATION_FORMAT = "dwarf-with-dsym";
				ENABLE_NS_ASSERTIONS = NO;
				ENABLE_STRICT_OBJC_MSGSEND = YES;
				ENABLE_USER_SCRIPT_SANDBOXING = YES;
				GCC_C_LANGUAGE_STANDARD = gnu17;
				GCC_NO_COMMON_BLOCKS = YES;
				GCC_WARN_64_TO_32_BIT_CONVERSION = YES;
				GCC_WARN_ABOUT_RETURN_TYPE = YES_ERROR;
				GCC_WARN_UNDECLARED_SELECTOR = YES;
				GCC_WARN_UNINITIALIZED_AUTOS = YES_AGGRESSIVE;
				GCC_WARN_UNUSED_FUNCTION = YES;
				GCC_WARN_UNUSED_VARIABLE = YES;
				IPHONEOS_DEPLOYMENT_TARGET = 17.0;
				LOCALIZATION_PREFERS_STRING_CATALOGS = YES;
				MTL_ENABLE_DEBUG_INFO = NO;
				MTL_FAST_MATH = YES;
				SDKROOT = iphoneos;
				SWIFT_COMPILATION_MODE = wholemodule;
				VALIDATE_PRODUCT = YES;
			};
			name = Release;
		};
		25E213C62C1915C50045D685 /* Debug */ = {
			isa = XCBuildConfiguration;
			buildSettings = {
				ASSETCATALOG_COMPILER_APPICON_NAME = AppIcon;
				ASSETCATALOG_COMPILER_GLOBAL_ACCENT_COLOR_NAME = AccentColor;
				CODE_SIGN_STYLE = Automatic;
				CURRENT_PROJECT_VERSION = 1;
				DEVELOPMENT_TEAM = AZA2LHKU7Z;
				GENERATE_INFOPLIST_FILE = YES;
				INFOPLIST_FILE = CoraChallenge/Info.plist;
				INFOPLIST_KEY_UIApplicationSupportsIndirectInputEvents = YES;
				INFOPLIST_KEY_UILaunchStoryboardName = LaunchScreen;
				INFOPLIST_KEY_UIMainStoryboardFile = "";
				INFOPLIST_KEY_UISupportedInterfaceOrientations_iPad = "UIInterfaceOrientationPortrait UIInterfaceOrientationPortraitUpsideDown UIInterfaceOrientationLandscapeLeft UIInterfaceOrientationLandscapeRight";
				INFOPLIST_KEY_UISupportedInterfaceOrientations_iPhone = "UIInterfaceOrientationPortrait UIInterfaceOrientationLandscapeLeft UIInterfaceOrientationLandscapeRight";
				LD_RUNPATH_SEARCH_PATHS = (
					"$(inherited)",
					"@executable_path/Frameworks",
				);
				MARKETING_VERSION = 1.0;
				PRODUCT_BUNDLE_IDENTIFIER = br.com.guilermebarciki.CoraChallenge;
				PRODUCT_NAME = "$(TARGET_NAME)";
				SWIFT_EMIT_LOC_STRINGS = YES;
				SWIFT_VERSION = 5.0;
				TARGETED_DEVICE_FAMILY = "1,2";
			};
			name = Debug;
		};
		25E213C72C1915C50045D685 /* Release */ = {
			isa = XCBuildConfiguration;
			buildSettings = {
				ASSETCATALOG_COMPILER_APPICON_NAME = AppIcon;
				ASSETCATALOG_COMPILER_GLOBAL_ACCENT_COLOR_NAME = AccentColor;
				CODE_SIGN_STYLE = Automatic;
				CURRENT_PROJECT_VERSION = 1;
				DEVELOPMENT_TEAM = AZA2LHKU7Z;
				GENERATE_INFOPLIST_FILE = YES;
				INFOPLIST_FILE = CoraChallenge/Info.plist;
				INFOPLIST_KEY_UIApplicationSupportsIndirectInputEvents = YES;
				INFOPLIST_KEY_UILaunchStoryboardName = LaunchScreen;
				INFOPLIST_KEY_UIMainStoryboardFile = "";
				INFOPLIST_KEY_UISupportedInterfaceOrientations_iPad = "UIInterfaceOrientationPortrait UIInterfaceOrientationPortraitUpsideDown UIInterfaceOrientationLandscapeLeft UIInterfaceOrientationLandscapeRight";
				INFOPLIST_KEY_UISupportedInterfaceOrientations_iPhone = "UIInterfaceOrientationPortrait UIInterfaceOrientationLandscapeLeft UIInterfaceOrientationLandscapeRight";
				LD_RUNPATH_SEARCH_PATHS = (
					"$(inherited)",
					"@executable_path/Frameworks",
				);
				MARKETING_VERSION = 1.0;
				PRODUCT_BUNDLE_IDENTIFIER = br.com.guilermebarciki.CoraChallenge;
				PRODUCT_NAME = "$(TARGET_NAME)";
				SWIFT_EMIT_LOC_STRINGS = YES;
				SWIFT_VERSION = 5.0;
				TARGETED_DEVICE_FAMILY = "1,2";
			};
			name = Release;
		};
		25E213C92C1915C50045D685 /* Debug */ = {
			isa = XCBuildConfiguration;
			buildSettings = {
				ALWAYS_EMBED_SWIFT_STANDARD_LIBRARIES = YES;
				BUNDLE_LOADER = "$(TEST_HOST)";
				CODE_SIGN_STYLE = Automatic;
				CURRENT_PROJECT_VERSION = 1;
				DEVELOPMENT_TEAM = AZA2LHKU7Z;
				GENERATE_INFOPLIST_FILE = YES;
				IPHONEOS_DEPLOYMENT_TARGET = 17.0;
				MARKETING_VERSION = 1.0;
				PRODUCT_BUNDLE_IDENTIFIER = br.com.guilermebarciki.CoraChallengeTests;
				PRODUCT_NAME = "$(TARGET_NAME)";
				SWIFT_EMIT_LOC_STRINGS = NO;
				SWIFT_VERSION = 5.0;
				TARGETED_DEVICE_FAMILY = "1,2";
				TEST_HOST = "$(BUILT_PRODUCTS_DIR)/CoraChallenge.app/$(BUNDLE_EXECUTABLE_FOLDER_PATH)/CoraChallenge";
			};
			name = Debug;
		};
		25E213CA2C1915C50045D685 /* Release */ = {
			isa = XCBuildConfiguration;
			buildSettings = {
				ALWAYS_EMBED_SWIFT_STANDARD_LIBRARIES = YES;
				BUNDLE_LOADER = "$(TEST_HOST)";
				CODE_SIGN_STYLE = Automatic;
				CURRENT_PROJECT_VERSION = 1;
				DEVELOPMENT_TEAM = AZA2LHKU7Z;
				GENERATE_INFOPLIST_FILE = YES;
				IPHONEOS_DEPLOYMENT_TARGET = 17.0;
				MARKETING_VERSION = 1.0;
				PRODUCT_BUNDLE_IDENTIFIER = br.com.guilermebarciki.CoraChallengeTests;
				PRODUCT_NAME = "$(TARGET_NAME)";
				SWIFT_EMIT_LOC_STRINGS = NO;
				SWIFT_VERSION = 5.0;
				TARGETED_DEVICE_FAMILY = "1,2";
				TEST_HOST = "$(BUILT_PRODUCTS_DIR)/CoraChallenge.app/$(BUNDLE_EXECUTABLE_FOLDER_PATH)/CoraChallenge";
			};
			name = Release;
		};
		25E213CC2C1915C50045D685 /* Debug */ = {
			isa = XCBuildConfiguration;
			buildSettings = {
				ALWAYS_EMBED_SWIFT_STANDARD_LIBRARIES = YES;
				CODE_SIGN_STYLE = Automatic;
				CURRENT_PROJECT_VERSION = 1;
				DEVELOPMENT_TEAM = AZA2LHKU7Z;
				GENERATE_INFOPLIST_FILE = YES;
				MARKETING_VERSION = 1.0;
				PRODUCT_BUNDLE_IDENTIFIER = br.com.guilermebarciki.CoraChallengeUITests;
				PRODUCT_NAME = "$(TARGET_NAME)";
				SWIFT_EMIT_LOC_STRINGS = NO;
				SWIFT_VERSION = 5.0;
				TARGETED_DEVICE_FAMILY = "1,2";
				TEST_TARGET_NAME = CoraChallenge;
			};
			name = Debug;
		};
		25E213CD2C1915C50045D685 /* Release */ = {
			isa = XCBuildConfiguration;
			buildSettings = {
				ALWAYS_EMBED_SWIFT_STANDARD_LIBRARIES = YES;
				CODE_SIGN_STYLE = Automatic;
				CURRENT_PROJECT_VERSION = 1;
				DEVELOPMENT_TEAM = AZA2LHKU7Z;
				GENERATE_INFOPLIST_FILE = YES;
				MARKETING_VERSION = 1.0;
				PRODUCT_BUNDLE_IDENTIFIER = br.com.guilermebarciki.CoraChallengeUITests;
				PRODUCT_NAME = "$(TARGET_NAME)";
				SWIFT_EMIT_LOC_STRINGS = NO;
				SWIFT_VERSION = 5.0;
				TARGETED_DEVICE_FAMILY = "1,2";
				TEST_TARGET_NAME = CoraChallenge;
			};
			name = Release;
		};
/* End XCBuildConfiguration section */

/* Begin XCConfigurationList section */
		25E213962C1915C10045D685 /* Build configuration list for PBXProject "CoraChallenge" */ = {
			isa = XCConfigurationList;
			buildConfigurations = (
				25E213C32C1915C50045D685 /* Debug */,
				25E213C42C1915C50045D685 /* Release */,
			);
			defaultConfigurationIsVisible = 0;
			defaultConfigurationName = Release;
		};
		25E213C52C1915C50045D685 /* Build configuration list for PBXNativeTarget "CoraChallenge" */ = {
			isa = XCConfigurationList;
			buildConfigurations = (
				25E213C62C1915C50045D685 /* Debug */,
				25E213C72C1915C50045D685 /* Release */,
			);
			defaultConfigurationIsVisible = 0;
			defaultConfigurationName = Release;
		};
		25E213C82C1915C50045D685 /* Build configuration list for PBXNativeTarget "CoraChallengeTests" */ = {
			isa = XCConfigurationList;
			buildConfigurations = (
				25E213C92C1915C50045D685 /* Debug */,
				25E213CA2C1915C50045D685 /* Release */,
			);
			defaultConfigurationIsVisible = 0;
			defaultConfigurationName = Release;
		};
		25E213CB2C1915C50045D685 /* Build configuration list for PBXNativeTarget "CoraChallengeUITests" */ = {
			isa = XCConfigurationList;
			buildConfigurations = (
				25E213CC2C1915C50045D685 /* Debug */,
				25E213CD2C1915C50045D685 /* Release */,
			);
			defaultConfigurationIsVisible = 0;
			defaultConfigurationName = Release;
		};
/* End XCConfigurationList section */
	};
	rootObject = 25E213932C1915C10045D685 /* Project object */;
}
